
Microsoft Visual Studio Solution File, Format Version 12.00
# Visual Studio 15
VisualStudioVersion = 15.0.27703.2042
MinimumVisualStudioVersion = 10.0.40219.1
Project("{FAE04EC0-301F-11D3-BF4B-00C04F79EFBC}") = "OGL", "OGL\OGL.csproj", "{559C5D20-4DE8-4D1C-8930-66CD31908BDF}"
EndProject
Project("{FAE04EC0-301F-11D3-BF4B-00C04F79EFBC}") = "OGL.Tests", "OGL.Tests\OGL.Tests.csproj", "{AAF1487C-6C97-4B65-8E92-C5BF858517FE}"
EndProject
Project("{FAE04EC0-301F-11D3-BF4B-00C04F79EFBC}") = "Repozytorium", "Repozytorium\Repozytorium.csproj", "{691DB5CB-BFFC-4D13-9AE1-41AE3A9D4A05}"
EndProject
Global
	GlobalSection(SolutionConfigurationPlatforms) = preSolution
		Debug|Any CPU = Debug|Any CPU
		Release|Any CPU = Release|Any CPU
	EndGlobalSection
	GlobalSection(ProjectConfigurationPlatforms) = postSolution
		{559C5D20-4DE8-4D1C-8930-66CD31908BDF}.Debug|Any CPU.ActiveCfg = Debug|Any CPU
		{559C5D20-4DE8-4D1C-8930-66CD31908BDF}.Debug|Any CPU.Build.0 = Debug|Any CPU
		{559C5D20-4DE8-4D1C-8930-66CD31908BDF}.Release|Any CPU.ActiveCfg = Release|Any CPU
		{559C5D20-4DE8-4D1C-8930-66CD31908BDF}.Release|Any CPU.Build.0 = Release|Any CPU
		{AAF1487C-6C97-4B65-8E92-C5BF858517FE}.Debug|Any CPU.ActiveCfg = Debug|Any CPU
		{AAF1487C-6C97-4B65-8E92-C5BF858517FE}.Debug|Any CPU.Build.0 = Debug|Any CPU
		{AAF1487C-6C97-4B65-8E92-C5BF858517FE}.Release|Any CPU.ActiveCfg = Release|Any CPU
		{AAF1487C-6C97-4B65-8E92-C5BF858517FE}.Release|Any CPU.Build.0 = Release|Any CPU
		{691DB5CB-BFFC-4D13-9AE1-41AE3A9D4A05}.Debug|Any CPU.ActiveCfg = Debug|Any CPU
		{691DB5CB-BFFC-4D13-9AE1-41AE3A9D4A05}.Debug|Any CPU.Build.0 = Debug|Any CPU
		{691DB5CB-BFFC-4D13-9AE1-41AE3A9D4A05}.Release|Any CPU.ActiveCfg = Release|Any CPU
		{691DB5CB-BFFC-4D13-9AE1-41AE3A9D4A05}.Release|Any CPU.Build.0 = Release|Any CPU
	EndGlobalSection
	GlobalSection(SolutionProperties) = preSolution
		HideSolutionNode = FALSE
	EndGlobalSection
	GlobalSection(ExtensibilityGlobals) = postSolution
		SolutionGuid = {DA3856DF-0356-4E00-B75A-DF99F90AC2F9}
	EndGlobalSection
EndGlobal
